
Microsoft Visual Studio Solution File, Format Version 12.00
# Visual Studio 15
VisualStudioVersion = 15.0.28307.329
MinimumVisualStudioVersion = 10.0.40219.1
Project("{FAE04EC0-301F-11D3-BF4B-00C04F79EFBC}") = "Ex7_formative", "Ex7_formative\Ex7_formative.csproj", "{F5EDB78D-0DF6-4898-B26A-6BE9559E0C3A}"
EndProject
Global
	GlobalSection(SolutionConfigurationPlatforms) = preSolution
		Debug|Any CPU = Debug|Any CPU
		Release|Any CPU = Release|Any CPU
	EndGlobalSection
	GlobalSection(ProjectConfigurationPlatforms) = postSolution
		{F5EDB78D-0DF6-4898-B26A-6BE9559E0C3A}.Debug|Any CPU.ActiveCfg = Debug|Any CPU
		{F5EDB78D-0DF6-4898-B26A-6BE9559E0C3A}.Debug|Any CPU.Build.0 = Debug|Any CPU
		{F5EDB78D-0DF6-4898-B26A-6BE9559E0C3A}.Release|Any CPU.ActiveCfg = Release|Any CPU
		{F5EDB78D-0DF6-4898-B26A-6BE9559E0C3A}.Release|Any CPU.Build.0 = Release|Any CPU
	EndGlobalSection
	GlobalSection(SolutionProperties) = preSolution
		HideSolutionNode = FALSE
	EndGlobalSection
	GlobalSection(ExtensibilityGlobals) = postSolution
		SolutionGuid = {31E2D5D3-1417-41EE-BE13-F8D5F29BDFBA}
	EndGlobalSection
EndGlobal
