
Microsoft Visual Studio Solution File, Format Version 12.00
# Visual Studio 15
VisualStudioVersion = 15.0.28307.329
MinimumVisualStudioVersion = 10.0.40219.1
Project("{FAE04EC0-301F-11D3-BF4B-00C04F79EFBC}") = "Ex2_ jsp", "Ex2_ jsp\Ex2_ jsp.csproj", "{20634187-7BDB-4366-9708-F361961837B9}"
EndProject
Global
	GlobalSection(SolutionConfigurationPlatforms) = preSolution
		Debug|Any CPU = Debug|Any CPU
		Release|Any CPU = Release|Any CPU
	EndGlobalSection
	GlobalSection(ProjectConfigurationPlatforms) = postSolution
		{20634187-7BDB-4366-9708-F361961837B9}.Debug|Any CPU.ActiveCfg = Debug|Any CPU
		{20634187-7BDB-4366-9708-F361961837B9}.Debug|Any CPU.Build.0 = Debug|Any CPU
		{20634187-7BDB-4366-9708-F361961837B9}.Release|Any CPU.ActiveCfg = Release|Any CPU
		{20634187-7BDB-4366-9708-F361961837B9}.Release|Any CPU.Build.0 = Release|Any CPU
	EndGlobalSection
	GlobalSection(SolutionProperties) = preSolution
		HideSolutionNode = FALSE
	EndGlobalSection
	GlobalSection(ExtensibilityGlobals) = postSolution
		SolutionGuid = {4E602CFC-F538-4FEC-9F3E-30038EF620BE}
	EndGlobalSection
EndGlobal
